
Microsoft Visual Studio Solution File, Format Version 12.00
# Visual Studio Version 16
VisualStudioVersion = 25.0.1705.2
MinimumVisualStudioVersion = 10.0.40219.1
Project("{FAE04EC0-301F-11D3-BF4B-00C04F79EFBC}") = "Kata", "Kata\Kata.csproj", "{9BAE99E5-73FD-45D6-B185-1B34C14FFBB6}"
EndProject
Global
	GlobalSection(SolutionConfigurationPlatforms) = preSolution
		Debug|Any CPU = Debug|Any CPU
		Release|Any CPU = Release|Any CPU
	EndGlobalSection
	GlobalSection(ProjectConfigurationPlatforms) = postSolution
		{9BAE99E5-73FD-45D6-B185-1B34C14FFBB6}.Debug|Any CPU.ActiveCfg = Debug|Any CPU
		{9BAE99E5-73FD-45D6-B185-1B34C14FFBB6}.Debug|Any CPU.Build.0 = Debug|Any CPU
		{9BAE99E5-73FD-45D6-B185-1B34C14FFBB6}.Release|Any CPU.ActiveCfg = Release|Any CPU
		{9BAE99E5-73FD-45D6-B185-1B34C14FFBB6}.Release|Any CPU.Build.0 = Release|Any CPU
	EndGlobalSection
	GlobalSection(SolutionProperties) = preSolution
		HideSolutionNode = FALSE
	EndGlobalSection
	GlobalSection(ExtensibilityGlobals) = postSolution
		SolutionGuid = {F45048FA-5729-42B0-BE77-5B0EEAB15BB8}
	EndGlobalSection
EndGlobal
